
Microsoft Visual Studio Solution File, Format Version 12.00
# Visual Studio Version 16
VisualStudioVersion = 16.0.31515.178
MinimumVisualStudioVersion = 10.0.40219.1
Project("{FAE04EC0-301F-11D3-BF4B-00C04F79EFBC}") = "File Downloader", "File Downloader\File Downloader.csproj", "{2DCD9471-4F85-4C85-B41C-6CE932A49D72}"
EndProject
Global
	GlobalSection(SolutionConfigurationPlatforms) = preSolution
		Debug|Any CPU = Debug|Any CPU
		Release|Any CPU = Release|Any CPU
	EndGlobalSection
	GlobalSection(ProjectConfigurationPlatforms) = postSolution
		{2DCD9471-4F85-4C85-B41C-6CE932A49D72}.Debug|Any CPU.ActiveCfg = Debug|Any CPU
		{2DCD9471-4F85-4C85-B41C-6CE932A49D72}.Debug|Any CPU.Build.0 = Debug|Any CPU
		{2DCD9471-4F85-4C85-B41C-6CE932A49D72}.Release|Any CPU.ActiveCfg = Release|Any CPU
		{2DCD9471-4F85-4C85-B41C-6CE932A49D72}.Release|Any CPU.Build.0 = Release|Any CPU
	EndGlobalSection
	GlobalSection(SolutionProperties) = preSolution
		HideSolutionNode = FALSE
	EndGlobalSection
	GlobalSection(ExtensibilityGlobals) = postSolution
		SolutionGuid = {CEAE67B9-1F79-4C60-9C7A-1DE4844BD61C}
	EndGlobalSection
EndGlobal
